// !$*UTF8*$!
{
	archiveVersion = 1;
	classes = {
	};
	objectVersion = 48;
	objects = {

/* Begin PBXBuildFile section */
		E181E2FB1F7AC1B90082B67A /* AppDelegate.swift in Sources */ = {isa = PBXBuildFile; fileRef = E181E2FA1F7AC1B90082B67A /* AppDelegate.swift */; };
		E181E2FD1F7AC1B90082B67A /* MainViewController.swift in Sources */ = {isa = PBXBuildFile; fileRef = E181E2FC1F7AC1B90082B67A /* MainViewController.swift */; };
		E181E3001F7AC1B90082B67A /* Main.storyboard in Resources */ = {isa = PBXBuildFile; fileRef = E181E2FE1F7AC1B90082B67A /* Main.storyboard */; };
		E181E3031F7AC1B90082B67A /* Tame_agothci.xcdatamodeld in Sources */ = {isa = PBXBuildFile; fileRef = E181E3011F7AC1B90082B67A /* Tame_agothci.xcdatamodeld */; };
		E181E3051F7AC1B90082B67A /* Assets.xcassets in Resources */ = {isa = PBXBuildFile; fileRef = E181E3041F7AC1B90082B67A /* Assets.xcassets */; };
		E181E3081F7AC1B90082B67A /* LaunchScreen.storyboard in Resources */ = {isa = PBXBuildFile; fileRef = E181E3061F7AC1B90082B67A /* LaunchScreen.storyboard */; };
		E181E3101F7ACAB00082B67A /* Lion.swift in Sources */ = {isa = PBXBuildFile; fileRef = E181E30F1F7ACAB00082B67A /* Lion.swift */; };
		E181E3121F8697440082B67A /* GameViewController.swift in Sources */ = {isa = PBXBuildFile; fileRef = E181E3111F8697440082B67A /* GameViewController.swift */; };
/* End PBXBuildFile section */

/* Begin PBXFileReference section */
		E181E2F71F7AC1B90082B67A /* Tame-agothci.app */ = {isa = PBXFileReference; explicitFileType = wrapper.application; includeInIndex = 0; path = "Tame-agothci.app"; sourceTree = BUILT_PRODUCTS_DIR; };
		E181E2FA1F7AC1B90082B67A /* AppDelegate.swift */ = {isa = PBXFileReference; lastKnownFileType = sourcecode.swift; path = AppDelegate.swift; sourceTree = "<group>"; };
		E181E2FC1F7AC1B90082B67A /* MainViewController.swift */ = {isa = PBXFileReference; lastKnownFileType = sourcecode.swift; path = MainViewController.swift; sourceTree = "<group>"; };
		E181E2FF1F7AC1B90082B67A /* Base */ = {isa = PBXFileReference; lastKnownFileType = file.storyboard; name = Base; path = Base.lproj/Main.storyboard; sourceTree = "<group>"; };
		E181E3021F7AC1B90082B67A /* Tame_agothci.xcdatamodel */ = {isa = PBXFileReference; lastKnownFileType = wrapper.xcdatamodel; path = Tame_agothci.xcdatamodel; sourceTree = "<group>"; };
		E181E3041F7AC1B90082B67A /* Assets.xcassets */ = {isa = PBXFileReference; lastKnownFileType = folder.assetcatalog; path = Assets.xcassets; sourceTree = "<group>"; };
		E181E3071F7AC1B90082B67A /* Base */ = {isa = PBXFileReference; lastKnownFileType = file.storyboard; name = Base; path = Base.lproj/LaunchScreen.storyboard; sourceTree = "<group>"; };
		E181E3091F7AC1B90082B67A /* Info.plist */ = {isa = PBXFileReference; lastKnownFileType = text.plist.xml; path = Info.plist; sourceTree = "<group>"; };
		E181E30F1F7ACAB00082B67A /* Lion.swift */ = {isa = PBXFileReference; lastKnownFileType = sourcecode.swift; path = Lion.swift; sourceTree = "<group>"; };
		E181E3111F8697440082B67A /* GameViewController.swift */ = {isa = PBXFileReference; lastKnownFileType = sourcecode.swift; path = GameViewController.swift; sourceTree = "<group>"; };
/* End PBXFileReference section */

/* Begin PBXFrameworksBuildPhase section */
		E181E2F41F7AC1B90082B67A /* Frameworks */ = {
			isa = PBXFrameworksBuildPhase;
			buildActionMask = 2147483647;
			files = (
			);
			runOnlyForDeploymentPostprocessing = 0;
		};
/* End PBXFrameworksBuildPhase section */

/* Begin PBXGroup section */
		E181E2EE1F7AC1B90082B67A = {
			isa = PBXGroup;
			children = (
				E181E2F91F7AC1B90082B67A /* Tame-agothci */,
				E181E2F81F7AC1B90082B67A /* Products */,
			);
			sourceTree = "<group>";
		};
		E181E2F81F7AC1B90082B67A /* Products */ = {
			isa = PBXGroup;
			children = (
				E181E2F71F7AC1B90082B67A /* Tame-agothci.app */,
			);
			name = Products;
			sourceTree = "<group>";
		};
		E181E2F91F7AC1B90082B67A /* Tame-agothci */ = {
			isa = PBXGroup;
			children = (
				E181E2FA1F7AC1B90082B67A /* AppDelegate.swift */,
				E181E2FC1F7AC1B90082B67A /* MainViewController.swift */,
				E181E2FE1F7AC1B90082B67A /* Main.storyboard */,
				E181E3041F7AC1B90082B67A /* Assets.xcassets */,
				E181E3061F7AC1B90082B67A /* LaunchScreen.storyboard */,
				E181E3091F7AC1B90082B67A /* Info.plist */,
				E181E3011F7AC1B90082B67A /* Tame_agothci.xcdatamodeld */,
				E181E30F1F7ACAB00082B67A /* Lion.swift */,
				E181E3111F8697440082B67A /* GameViewController.swift */,
			);
			path = "Tame-agothci";
			sourceTree = "<group>";
		};
/* End PBXGroup section */

/* Begin PBXNativeTarget section */
		E181E2F61F7AC1B90082B67A /* Tame-agothci */ = {
			isa = PBXNativeTarget;
			buildConfigurationList = E181E30C1F7AC1B90082B67A /* Build configuration list for PBXNativeTarget "Tame-agothci" */;
			buildPhases = (
				E181E2F31F7AC1B90082B67A /* Sources */,
				E181E2F41F7AC1B90082B67A /* Frameworks */,
				E181E2F51F7AC1B90082B67A /* Resources */,
			);
			buildRules = (
			);
			dependencies = (
			);
			name = "Tame-agothci";
			productName = "Tame-agothci";
			productReference = E181E2F71F7AC1B90082B67A /* Tame-agothci.app */;
			productType = "com.apple.product-type.application";
		};
/* End PBXNativeTarget section */

/* Begin PBXProject section */
		E181E2EF1F7AC1B90082B67A /* Project object */ = {
			isa = PBXProject;
			attributes = {
				LastSwiftUpdateCheck = 0900;
				LastUpgradeCheck = 0900;
				ORGANIZATIONNAME = "Robert Cole";
				TargetAttributes = {
					E181E2F61F7AC1B90082B67A = {
						CreatedOnToolsVersion = 9.0;
						ProvisioningStyle = Automatic;
					};
				};
			};
			buildConfigurationList = E181E2F21F7AC1B90082B67A /* Build configuration list for PBXProject "Tame-agothci" */;
			compatibilityVersion = "Xcode 8.0";
			developmentRegion = en;
			hasScannedForEncodings = 0;
			knownRegions = (
				en,
				Base,
			);
			mainGroup = E181E2EE1F7AC1B90082B67A;
			productRefGroup = E181E2F81F7AC1B90082B67A /* Products */;
			projectDirPath = "";
			projectRoot = "";
			targets = (
				E181E2F61F7AC1B90082B67A /* Tame-agothci */,
			);
		};
/* End PBXProject section */

/* Begin PBXResourcesBuildPhase section */
		E181E2F51F7AC1B90082B67A /* Resources */ = {
			isa = PBXResourcesBuildPhase;
			buildActionMask = 2147483647;
			files = (
				E181E3081F7AC1B90082B67A /* LaunchScreen.storyboard in Resources */,
				E181E3051F7AC1B90082B67A /* Assets.xcassets in Resources */,
				E181E3001F7AC1B90082B67A /* Main.storyboard in Resources */,
			);
			runOnlyForDeploymentPostprocessing = 0;
		};
/* End PBXResourcesBuildPhase section */

/* Begin PBXSourcesBuildPhase section */
		E181E2F31F7AC1B90082B67A /* Sources */ = {
			isa = PBXSourcesBuildPhase;
			buildActionMask = 2147483647;
			files = (
				E181E3121F8697440082B67A /* GameViewController.swift in Sources */,
				E181E3031F7AC1B90082B67A /* Tame_agothci.xcdatamodeld in Sources */,
				E181E2FD1F7AC1B90082B67A /* MainViewController.swift in Sources */,
				E181E2FB1F7AC1B90082B67A /* AppDelegate.swift in Sources */,
				E181E3101F7ACAB00082B67A /* Lion.swift in Sources */,
			);
			runOnlyForDeploymentPostprocessing = 0;
		};
/* End PBXSourcesBuildPhase section */

/* Begin PBXVariantGroup section */
		E181E2FE1F7AC1B90082B67A /* Main.storyboard */ = {
			isa = PBXVariantGroup;
			children = (
				E181E2FF1F7AC1B90082B67A /* Base */,
			);
			name = Main.storyboard;
			sourceTree = "<group>";
		};
		E181E3061F7AC1B90082B67A /* LaunchScreen.storyboard */ = {
			isa = PBXVariantGroup;
			children = (
				E181E3071F7AC1B90082B67A /* Base */,
			);
			name = LaunchScreen.storyboard;
			sourceTree = "<group>";
		};
/* End PBXVariantGroup section */

/* Begin XCBuildConfiguration section */
		E181E30A1F7AC1B90082B67A /* Debug */ = {
			isa = XCBuildConfiguration;
			buildSettings = {
				ALWAYS_SEARCH_USER_PATHS = NO;
				CLANG_ANALYZER_NONNULL = YES;
				CLANG_ANALYZER_NUMBER_OBJECT_CONVERSION = YES_AGGRESSIVE;
				CLANG_CXX_LANGUAGE_STANDARD = "gnu++14";
				CLANG_CXX_LIBRARY = "libc++";
				CLANG_ENABLE_MODULES = YES;
				CLANG_ENABLE_OBJC_ARC = YES;
				CLANG_WARN_BLOCK_CAPTURE_AUTORELEASING = YES;
				CLANG_WARN_BOOL_CONVERSION = YES;
				CLANG_WARN_COMMA = YES;
				CLANG_WARN_CONSTANT_CONVERSION = YES;
				CLANG_WARN_DIRECT_OBJC_ISA_USAGE = YES_ERROR;
				CLANG_WARN_DOCUMENTATION_COMMENTS = YES;
				CLANG_WARN_EMPTY_BODY = YES;
				CLANG_WARN_ENUM_CONVERSION = YES;
				CLANG_WARN_INFINITE_RECURSION = YES;
				CLANG_WARN_INT_CONVERSION = YES;
				CLANG_WARN_NON_LITERAL_NULL_CONVERSION = YES;
				CLANG_WARN_OBJC_LITERAL_CONVERSION = YES;
				CLANG_WARN_OBJC_ROOT_CLASS = YES_ERROR;
				CLANG_WARN_RANGE_LOOP_ANALYSIS = YES;
				CLANG_WARN_STRICT_PROTOTYPES = YES;
				CLANG_WARN_SUSPICIOUS_MOVE = YES;
				CLANG_WARN_UNGUARDED_AVAILABILITY = YES_AGGRESSIVE;
				CLANG_WARN_UNREACHABLE_CODE = YES;
				CLANG_WARN__DUPLICATE_METHOD_MATCH = YES;
				CODE_SIGN_IDENTITY = "iPhone Developer";
				COPY_PHASE_STRIP = NO;
				DEBUG_INFORMATION_FORMAT = dwarf;
				ENABLE_STRICT_OBJC_MSGSEND = YES;
				ENABLE_TESTABILITY = YES;
				GCC_C_LANGUAGE_STANDARD = gnu11;
				GCC_DYNAMIC_NO_PIC = NO;
				GCC_NO_COMMON_BLOCKS = YES;
				GCC_OPTIMIZATION_LEVEL = 0;
				GCC_PREPROCESSOR_DEFINITIONS = (
					"DEBUG=1",
					"$(inherited)",
				);
				GCC_WARN_64_TO_32_BIT_CONVERSION = YES;
				GCC_WARN_ABOUT_RETURN_TYPE = YES_ERROR;
				GCC_WARN_UNDECLARED_SELECTOR = YES;
				GCC_WARN_UNINITIALIZED_AUTOS = YES_AGGRESSIVE;
				GCC_WARN_UNUSED_FUNCTION = YES;
				GCC_WARN_UNUSED_VARIABLE = YES;
				IPHONEOS_DEPLOYMENT_TARGET = 11.0;
				MTL_ENABLE_DEBUG_INFO = YES;
				ONLY_ACTIVE_ARCH = YES;
				SDKROOT = iphoneos;
				SWIFT_ACTIVE_COMPILATION_CONDITIONS = DEBUG;
				SWIFT_OPTIMIZATION_LEVEL = "-Onone";
			};
			name = Debug;
		};
		E181E30B1F7AC1B90082B67A /* Release */ = {
			isa = XCBuildConfiguration;
			buildSettings = {
				ALWAYS_SEARCH_USER_PATHS = NO;
				CLANG_ANALYZER_NONNULL = YES;
				CLANG_ANALYZER_NUMBER_OBJECT_CONVERSION = YES_AGGRESSIVE;
				CLANG_CXX_LANGUAGE_STANDARD = "gnu++14";
				CLANG_CXX_LIBRARY = "libc++";
				CLANG_ENABLE_MODULES = YES;
				CLANG_ENABLE_OBJC_ARC = YES;
				CLANG_WARN_BLOCK_CAPTURE_AUTORELEASING = YES;
				CLANG_WARN_BOOL_CONVERSION = YES;
				CLANG_WARN_COMMA = YES;
				CLANG_WARN_CONSTANT_CONVERSION = YES;
				CLANG_WARN_DIRECT_OBJC_ISA_USAGE = YES_ERROR;
				CLANG_WARN_DOCUMENTATION_COMMENTS = YES;
				CLANG_WARN_EMPTY_BODY = YES;
				CLANG_WARN_ENUM_CONVERSION = YES;
				CLANG_WARN_INFINITE_RECURSION = YES;
				CLANG_WARN_INT_CONVERSION = YES;
				CLANG_WARN_NON_LITERAL_NULL_CONVERSION = YES;
				CLANG_WARN_OBJC_LITERAL_CONVERSION = YES;
				CLANG_WARN_OBJC_ROOT_CLASS = YES_ERROR;
				CLANG_WARN_RANGE_LOOP_ANALYSIS = YES;
				CLANG_WARN_STRICT_PROTOTYPES = YES;
				CLANG_WARN_SUSPICIOUS_MOVE = YES;
				CLANG_WARN_UNGUARDED_AVAILABILITY = YES_AGGRESSIVE;
				CLANG_WARN_UNREACHABLE_CODE = YES;
				CLANG_WARN__DUPLICATE_METHOD_MATCH = YES;
				CODE_SIGN_IDENTITY = "iPhone Developer";
				COPY_PHASE_STRIP = NO;
				DEBUG_INFORMATION_FORMAT = "dwarf-with-dsym";
				ENABLE_NS_ASSERTIONS = NO;
				ENABLE_STRICT_OBJC_MSGSEND = YES;
				GCC_C_LANGUAGE_STANDARD = gnu11;
				GCC_NO_COMMON_BLOCKS = YES;
				GCC_WARN_64_TO_32_BIT_CONVERSION = YES;
				GCC_WARN_ABOUT_RETURN_TYPE = YES_ERROR;
				GCC_WARN_UNDECLARED_SELECTOR = YES;
				GCC_WARN_UNINITIALIZED_AUTOS = YES_AGGRESSIVE;
				GCC_WARN_UNUSED_FUNCTION = YES;
				GCC_WARN_UNUSED_VARIABLE = YES;
				IPHONEOS_DEPLOYMENT_TARGET = 11.0;
				MTL_ENABLE_DEBUG_INFO = NO;
				SDKROOT = iphoneos;
				SWIFT_OPTIMIZATION_LEVEL = "-Owholemodule";
				VALIDATE_PRODUCT = YES;
			};
			name = Release;
		};
		E181E30D1F7AC1B90082B67A /* Debug */ = {
			isa = XCBuildConfiguration;
			buildSettings = {
				ASSETCATALOG_COMPILER_APPICON_NAME = AppIcon;
				CODE_SIGN_STYLE = Automatic;
				DEVELOPMENT_TEAM = H2Y5Z822BP;
				INFOPLIST_FILE = "Tame-agothci/Info.plist";
				LD_RUNPATH_SEARCH_PATHS = "$(inherited) @executable_path/Frameworks";
				PRODUCT_BUNDLE_IDENTIFIER = "me.robertcole.Tame-agothci";
				PRODUCT_NAME = "$(TARGET_NAME)";
				SWIFT_VERSION = 4.0;
				TARGETED_DEVICE_FAMILY = "1,2";
			};
			name = Debug;
		};
		E181E30E1F7AC1B90082B67A /* Release */ = {
			isa = XCBuildConfiguration;
			buildSettings = {
				ASSETCATALOG_COMPILER_APPICON_NAME = AppIcon;
				CODE_SIGN_STYLE = Automatic;
				DEVELOPMENT_TEAM = H2Y5Z822BP;
				INFOPLIST_FILE = "Tame-agothci/Info.plist";
				LD_RUNPATH_SEARCH_PATHS = "$(inherited) @executable_path/Frameworks";
				PRODUCT_BUNDLE_IDENTIFIER = "me.robertcole.Tame-agothci";
				PRODUCT_NAME = "$(TARGET_NAME)";
				SWIFT_VERSION = 4.0;
				TARGETED_DEVICE_FAMILY = "1,2";
			};
			name = Release;
		};
/* End XCBuildConfiguration section */

/* Begin XCConfigurationList section */
		E181E2F21F7AC1B90082B67A /* Build configuration list for PBXProject "Tame-agothci" */ = {
			isa = XCConfigurationList;
			buildConfigurations = (
				E181E30A1F7AC1B90082B67A /* Debug */,
				E181E30B1F7AC1B90082B67A /* Release */,
			);
			defaultConfigurationIsVisible = 0;
			defaultConfigurationName = Release;
		};
		E181E30C1F7AC1B90082B67A /* Build configuration list for PBXNativeTarget "Tame-agothci" */ = {
			isa = XCConfigurationList;
			buildConfigurations = (
				E181E30D1F7AC1B90082B67A /* Debug */,
				E181E30E1F7AC1B90082B67A /* Release */,
			);
			defaultConfigurationIsVisible = 0;
			defaultConfigurationName = Release;
		};
/* End XCConfigurationList section */

/* Begin XCVersionGroup section */
		E181E3011F7AC1B90082B67A /* Tame_agothci.xcdatamodeld */ = {
			isa = XCVersionGroup;
			children = (
				E181E3021F7AC1B90082B67A /* Tame_agothci.xcdatamodel */,
			);
			currentVersion = E181E3021F7AC1B90082B67A /* Tame_agothci.xcdatamodel */;
			path = Tame_agothci.xcdatamodeld;
			sourceTree = "<group>";
			versionGroupType = wrapper.xcdatamodel;
		};
/* End XCVersionGroup section */
	};
	rootObject = E181E2EF1F7AC1B90082B67A /* Project object */;
}
